
Microsoft Visual Studio Solution File, Format Version 12.00
# Visual Studio Version 17
VisualStudioVersion = 17.7.34031.279
MinimumVisualStudioVersion = 10.0.40219.1
Project("{FAE04EC0-301F-11D3-BF4B-00C04F79EFBC}") = "count char in string", "count char in string\count char in string.csproj", "{FB9ADB7E-5E2B-43D0-B938-72FF3A471DF7}"
EndProject
Project("{FAE04EC0-301F-11D3-BF4B-00C04F79EFBC}") = "a miner tasks", "a miner tasks\a miner tasks.csproj", "{1572D988-2B66-4448-AF18-1AE4AECABD3C}"
EndProject
Project("{FAE04EC0-301F-11D3-BF4B-00C04F79EFBC}") = "orders", "orders\orders.csproj", "{7F7C733E-66A4-4710-B2A9-334BAE8B4D40}"
EndProject
Project("{FAE04EC0-301F-11D3-BF4B-00C04F79EFBC}") = "softUni parking", "softUni parking\softUni parking.csproj", "{C619AEC7-6AAA-4D9A-999B-AC18D28284DC}"
EndProject
Project("{FAE04EC0-301F-11D3-BF4B-00C04F79EFBC}") = "student academy", "student academy\student academy.csproj", "{29AD1754-ABB5-466D-B7C4-A35CC053D796}"
EndProject
Global
	GlobalSection(SolutionConfigurationPlatforms) = preSolution
		Debug|Any CPU = Debug|Any CPU
		Release|Any CPU = Release|Any CPU
	EndGlobalSection
	GlobalSection(ProjectConfigurationPlatforms) = postSolution
		{FB9ADB7E-5E2B-43D0-B938-72FF3A471DF7}.Debug|Any CPU.ActiveCfg = Debug|Any CPU
		{FB9ADB7E-5E2B-43D0-B938-72FF3A471DF7}.Debug|Any CPU.Build.0 = Debug|Any CPU
		{FB9ADB7E-5E2B-43D0-B938-72FF3A471DF7}.Release|Any CPU.ActiveCfg = Release|Any CPU
		{FB9ADB7E-5E2B-43D0-B938-72FF3A471DF7}.Release|Any CPU.Build.0 = Release|Any CPU
		{1572D988-2B66-4448-AF18-1AE4AECABD3C}.Debug|Any CPU.ActiveCfg = Debug|Any CPU
		{1572D988-2B66-4448-AF18-1AE4AECABD3C}.Debug|Any CPU.Build.0 = Debug|Any CPU
		{1572D988-2B66-4448-AF18-1AE4AECABD3C}.Release|Any CPU.ActiveCfg = Release|Any CPU
		{1572D988-2B66-4448-AF18-1AE4AECABD3C}.Release|Any CPU.Build.0 = Release|Any CPU
		{7F7C733E-66A4-4710-B2A9-334BAE8B4D40}.Debug|Any CPU.ActiveCfg = Debug|Any CPU
		{7F7C733E-66A4-4710-B2A9-334BAE8B4D40}.Debug|Any CPU.Build.0 = Debug|Any CPU
		{7F7C733E-66A4-4710-B2A9-334BAE8B4D40}.Release|Any CPU.ActiveCfg = Release|Any CPU
		{7F7C733E-66A4-4710-B2A9-334BAE8B4D40}.Release|Any CPU.Build.0 = Release|Any CPU
		{C619AEC7-6AAA-4D9A-999B-AC18D28284DC}.Debug|Any CPU.ActiveCfg = Debug|Any CPU
		{C619AEC7-6AAA-4D9A-999B-AC18D28284DC}.Debug|Any CPU.Build.0 = Debug|Any CPU
		{C619AEC7-6AAA-4D9A-999B-AC18D28284DC}.Release|Any CPU.ActiveCfg = Release|Any CPU
		{C619AEC7-6AAA-4D9A-999B-AC18D28284DC}.Release|Any CPU.Build.0 = Release|Any CPU
		{29AD1754-ABB5-466D-B7C4-A35CC053D796}.Debug|Any CPU.ActiveCfg = Debug|Any CPU
		{29AD1754-ABB5-466D-B7C4-A35CC053D796}.Debug|Any CPU.Build.0 = Debug|Any CPU
		{29AD1754-ABB5-466D-B7C4-A35CC053D796}.Release|Any CPU.ActiveCfg = Release|Any CPU
		{29AD1754-ABB5-466D-B7C4-A35CC053D796}.Release|Any CPU.Build.0 = Release|Any CPU
	EndGlobalSection
	GlobalSection(SolutionProperties) = preSolution
		HideSolutionNode = FALSE
	EndGlobalSection
	GlobalSection(ExtensibilityGlobals) = postSolution
		SolutionGuid = {C9F1FA3B-0B44-4D43-8417-EF13CE5EE503}
	EndGlobalSection
EndGlobal
